
Microsoft Visual Studio Solution File, Format Version 12.00
# Visual Studio Version 16
VisualStudioVersion = 16.0.29714.24
MinimumVisualStudioVersion = 10.0.40219.1
Project("{FAE04EC0-301F-11D3-BF4B-00C04F79EFBC}") = "SampleConsoleApp", "SampleConsoleApp\SampleConsoleApp.csproj", "{76456855-D0D7-4307-B45B-50369437B502}"
EndProject
Global
	GlobalSection(SolutionConfigurationPlatforms) = preSolution
		Debug|Any CPU = Debug|Any CPU
		Release|Any CPU = Release|Any CPU
	EndGlobalSection
	GlobalSection(ProjectConfigurationPlatforms) = postSolution
		{76456855-D0D7-4307-B45B-50369437B502}.Debug|Any CPU.ActiveCfg = Debug|Any CPU
		{76456855-D0D7-4307-B45B-50369437B502}.Debug|Any CPU.Build.0 = Debug|Any CPU
		{76456855-D0D7-4307-B45B-50369437B502}.Release|Any CPU.ActiveCfg = Release|Any CPU
		{76456855-D0D7-4307-B45B-50369437B502}.Release|Any CPU.Build.0 = Release|Any CPU
	EndGlobalSection
	GlobalSection(SolutionProperties) = preSolution
		HideSolutionNode = FALSE
	EndGlobalSection
	GlobalSection(ExtensibilityGlobals) = postSolution
		SolutionGuid = {56D11440-8014-4C46-9342-5930B212728F}
	EndGlobalSection
EndGlobal
